
Microsoft Visual Studio Solution File, Format Version 12.00
# Visual Studio Version 16
VisualStudioVersion = 16.0.34601.136
MinimumVisualStudioVersion = 10.0.40219.1
Project("{FAE04EC0-301F-11D3-BF4B-00C04F79EFBC}") = "FinalProjectDotNet", "FinalProjectDotNet.csproj", "{AFB29F45-2082-4F0F-BEB5-D44CB7EA9BDD}"
EndProject
Global
	GlobalSection(SolutionConfigurationPlatforms) = preSolution
		Debug|Any CPU = Debug|Any CPU
		Release|Any CPU = Release|Any CPU
	EndGlobalSection
	GlobalSection(ProjectConfigurationPlatforms) = postSolution
		{AFB29F45-2082-4F0F-BEB5-D44CB7EA9BDD}.Debug|Any CPU.ActiveCfg = Debug|Any CPU
		{AFB29F45-2082-4F0F-BEB5-D44CB7EA9BDD}.Debug|Any CPU.Build.0 = Debug|Any CPU
		{AFB29F45-2082-4F0F-BEB5-D44CB7EA9BDD}.Release|Any CPU.ActiveCfg = Release|Any CPU
		{AFB29F45-2082-4F0F-BEB5-D44CB7EA9BDD}.Release|Any CPU.Build.0 = Release|Any CPU
	EndGlobalSection
	GlobalSection(SolutionProperties) = preSolution
		HideSolutionNode = FALSE
	EndGlobalSection
	GlobalSection(ExtensibilityGlobals) = postSolution
		SolutionGuid = {F6E6706F-A2BE-425D-AEFE-95E5E45A3F46}
	EndGlobalSection
EndGlobal
